{
  "name": "phoenix-config",
  "version": "1.0.0",
  "lockfileVersion": 1,
  "requires": true,
  "dependencies": {
    "@types/phoenix": {
      "version": "github:mafredri/phoenix-typings#3121b498d95d7838e86fa65dacd1fc768ba161a2",
      "from": "github:mafredri/phoenix-typings#main",
      "dev": true,
      "requires": {
        "utility-types": "^3.10.0"
      }
    },
    "utility-types": {
      "version": "3.10.0",
      "resolved": "https://registry.npmjs.org/utility-types/-/utility-types-3.10.0.tgz",
      "integrity": "sha512-O11mqxmi7wMKCo6HKFt5AhO4BwY3VV68YU07tgxfz8zJTIxr4BpsezN49Ffwy9j3ZpwwJp4fkRwjRzq3uWE6Rg==",
      "dev": true
    }
  }
}
